
Microsoft Visual Studio Solution File, Format Version 12.00
# Visual Studio Version 17
VisualStudioVersion = 17.5.33530.505
MinimumVisualStudioVersion = 10.0.40219.1
Project("{FAE04EC0-301F-11D3-BF4B-00C04F79EFBC}") = "Debugging", "Debugging.csproj", "{C1F88D35-E9AD-43DB-97C8-74BEFB63BF4A}"
EndProject
Global
	GlobalSection(SolutionConfigurationPlatforms) = preSolution
		Debug|Any CPU = Debug|Any CPU
		Release|Any CPU = Release|Any CPU
	EndGlobalSection
	GlobalSection(ProjectConfigurationPlatforms) = postSolution
		{C1F88D35-E9AD-43DB-97C8-74BEFB63BF4A}.Debug|Any CPU.ActiveCfg = Debug|Any CPU
		{C1F88D35-E9AD-43DB-97C8-74BEFB63BF4A}.Debug|Any CPU.Build.0 = Debug|Any CPU
		{C1F88D35-E9AD-43DB-97C8-74BEFB63BF4A}.Release|Any CPU.ActiveCfg = Release|Any CPU
		{C1F88D35-E9AD-43DB-97C8-74BEFB63BF4A}.Release|Any CPU.Build.0 = Release|Any CPU
	EndGlobalSection
	GlobalSection(SolutionProperties) = preSolution
		HideSolutionNode = FALSE
	EndGlobalSection
	GlobalSection(ExtensibilityGlobals) = postSolution
		SolutionGuid = {05C90644-B5AF-4259-84D8-8065A109D6EB}
	EndGlobalSection
EndGlobal
